
Microsoft Visual Studio Solution File, Format Version 12.00
# Visual Studio 15
VisualStudioVersion = 15.0.27130.2026
MinimumVisualStudioVersion = 10.0.40219.1
Project("{2150E333-8FDC-42A3-9474-1A3956D46DE8}") = "src", "src", "{ADC10D68-0187-473D-B04A-864590774F2A}"
EndProject
Project("{2150E333-8FDC-42A3-9474-1A3956D46DE8}") = "tests", "tests", "{FEE0027A-04A8-41D7-BF05-A2F02A34B6B8}"
EndProject
Project("{9A19103F-16F7-4668-BE54-9A1E7A4F7556}") = "Core", "src\Scaffolding\Core\Core.csproj", "{52FD2C68-52D5-4A4A-86E5-3C303BB1EE84}"
EndProject
Project("{9A19103F-16F7-4668-BE54-9A1E7A4F7556}") = "Core.Tests", "tests\Scaffolding\Core.Tests\Core.Tests.csproj", "{41ED7115-12E2-4088-AFAF-904D470FB28E}"
EndProject
Project("{9A19103F-16F7-4668-BE54-9A1E7A4F7556}") = "Core.DataAccess", "src\Scaffolding\Core.DataAccess\Core.DataAccess.csproj", "{8C16F3A3-92D8-4A35-B2C7-F9415E9C2EA4}"
EndProject
Project("{9A19103F-16F7-4668-BE54-9A1E7A4F7556}") = "Core.DataAccess.Tests", "tests\Scaffolding\Core.DataAccess.Tests\Core.DataAccess.Tests.csproj", "{CA9ABD87-9F13-41E8-83F8-00F60F037656}"
EndProject
Project("{9A19103F-16F7-4668-BE54-9A1E7A4F7556}") = "NLog", "src\Scaffolding\NLog\NLog.csproj", "{B85383E3-D5C0-4A34-9A4C-2DE4DBB1018E}"
EndProject
Project("{9A19103F-16F7-4668-BE54-9A1E7A4F7556}") = "Web.Utilities", "src\Scaffolding\Web.Utilities\Web.Utilities.csproj", "{C08E82B0-F62D-4A2C-A1F0-3DF4410443E9}"
EndProject
Project("{9A19103F-16F7-4668-BE54-9A1E7A4F7556}") = "Web.Utilities.Tests", "tests\Scaffolding\Web.Utilities.Tests\Web.Utilities.Tests.csproj", "{F4159438-84CC-4D43-9C41-B699421C2C87}"
EndProject
Project("{9A19103F-16F7-4668-BE54-9A1E7A4F7556}") = "NLog.Tests", "tests\Scaffolding\NLog.Tests\NLog.Tests.csproj", "{87EAA383-5831-43E4-8ABB-7A8C0CA7EADC}"
EndProject
Project("{2150E333-8FDC-42A3-9474-1A3956D46DE8}") = "Scaffolding", "Scaffolding", "{54C217F5-BA43-433E-8B65-D1F63CD9508D}"
EndProject
Project("{2150E333-8FDC-42A3-9474-1A3956D46DE8}") = "Scaffolding", "Scaffolding", "{B836ADED-F605-44FE-9E01-AEBC77EEE0CF}"
EndProject
Project("{2150E333-8FDC-42A3-9474-1A3956D46DE8}") = "Common", "Common", "{277CBD3C-0275-43D8-99EC-7712440D7662}"
EndProject
Project("{9A19103F-16F7-4668-BE54-9A1E7A4F7556}") = "DataAccess.Test.Utilities", "tests\Common\DataAccess.Test.Utilities\DataAccess.Test.Utilities.csproj", "{FF598607-27E6-4A40-A425-8C6BA68FAACF}"
EndProject
Global
	GlobalSection(SolutionConfigurationPlatforms) = preSolution
		Debug|Any CPU = Debug|Any CPU
		Local|Any CPU = Local|Any CPU
		Release|Any CPU = Release|Any CPU
	EndGlobalSection
	GlobalSection(ProjectConfigurationPlatforms) = postSolution
		{52FD2C68-52D5-4A4A-86E5-3C303BB1EE84}.Debug|Any CPU.ActiveCfg = Debug|Any CPU
		{52FD2C68-52D5-4A4A-86E5-3C303BB1EE84}.Debug|Any CPU.Build.0 = Debug|Any CPU
		{52FD2C68-52D5-4A4A-86E5-3C303BB1EE84}.Local|Any CPU.ActiveCfg = Release|Any CPU
		{52FD2C68-52D5-4A4A-86E5-3C303BB1EE84}.Local|Any CPU.Build.0 = Release|Any CPU
		{52FD2C68-52D5-4A4A-86E5-3C303BB1EE84}.Release|Any CPU.ActiveCfg = Release|Any CPU
		{52FD2C68-52D5-4A4A-86E5-3C303BB1EE84}.Release|Any CPU.Build.0 = Release|Any CPU
		{41ED7115-12E2-4088-AFAF-904D470FB28E}.Debug|Any CPU.ActiveCfg = Debug|Any CPU
		{41ED7115-12E2-4088-AFAF-904D470FB28E}.Debug|Any CPU.Build.0 = Debug|Any CPU
		{41ED7115-12E2-4088-AFAF-904D470FB28E}.Local|Any CPU.ActiveCfg = Release|Any CPU
		{41ED7115-12E2-4088-AFAF-904D470FB28E}.Local|Any CPU.Build.0 = Release|Any CPU
		{41ED7115-12E2-4088-AFAF-904D470FB28E}.Release|Any CPU.ActiveCfg = Release|Any CPU
		{41ED7115-12E2-4088-AFAF-904D470FB28E}.Release|Any CPU.Build.0 = Release|Any CPU
		{8C16F3A3-92D8-4A35-B2C7-F9415E9C2EA4}.Debug|Any CPU.ActiveCfg = Debug|Any CPU
		{8C16F3A3-92D8-4A35-B2C7-F9415E9C2EA4}.Debug|Any CPU.Build.0 = Debug|Any CPU
		{8C16F3A3-92D8-4A35-B2C7-F9415E9C2EA4}.Local|Any CPU.ActiveCfg = Release|Any CPU
		{8C16F3A3-92D8-4A35-B2C7-F9415E9C2EA4}.Local|Any CPU.Build.0 = Release|Any CPU
		{8C16F3A3-92D8-4A35-B2C7-F9415E9C2EA4}.Release|Any CPU.ActiveCfg = Release|Any CPU
		{8C16F3A3-92D8-4A35-B2C7-F9415E9C2EA4}.Release|Any CPU.Build.0 = Release|Any CPU
		{CA9ABD87-9F13-41E8-83F8-00F60F037656}.Debug|Any CPU.ActiveCfg = Debug|Any CPU
		{CA9ABD87-9F13-41E8-83F8-00F60F037656}.Debug|Any CPU.Build.0 = Debug|Any CPU
		{CA9ABD87-9F13-41E8-83F8-00F60F037656}.Local|Any CPU.ActiveCfg = Release|Any CPU
		{CA9ABD87-9F13-41E8-83F8-00F60F037656}.Local|Any CPU.Build.0 = Release|Any CPU
		{CA9ABD87-9F13-41E8-83F8-00F60F037656}.Release|Any CPU.ActiveCfg = Release|Any CPU
		{CA9ABD87-9F13-41E8-83F8-00F60F037656}.Release|Any CPU.Build.0 = Release|Any CPU
		{B85383E3-D5C0-4A34-9A4C-2DE4DBB1018E}.Debug|Any CPU.ActiveCfg = Debug|Any CPU
		{B85383E3-D5C0-4A34-9A4C-2DE4DBB1018E}.Debug|Any CPU.Build.0 = Debug|Any CPU
		{B85383E3-D5C0-4A34-9A4C-2DE4DBB1018E}.Local|Any CPU.ActiveCfg = Release|Any CPU
		{B85383E3-D5C0-4A34-9A4C-2DE4DBB1018E}.Local|Any CPU.Build.0 = Release|Any CPU
		{B85383E3-D5C0-4A34-9A4C-2DE4DBB1018E}.Release|Any CPU.ActiveCfg = Release|Any CPU
		{B85383E3-D5C0-4A34-9A4C-2DE4DBB1018E}.Release|Any CPU.Build.0 = Release|Any CPU
		{C08E82B0-F62D-4A2C-A1F0-3DF4410443E9}.Debug|Any CPU.ActiveCfg = Debug|Any CPU
		{C08E82B0-F62D-4A2C-A1F0-3DF4410443E9}.Debug|Any CPU.Build.0 = Debug|Any CPU
		{C08E82B0-F62D-4A2C-A1F0-3DF4410443E9}.Local|Any CPU.ActiveCfg = Release|Any CPU
		{C08E82B0-F62D-4A2C-A1F0-3DF4410443E9}.Local|Any CPU.Build.0 = Release|Any CPU
		{C08E82B0-F62D-4A2C-A1F0-3DF4410443E9}.Release|Any CPU.ActiveCfg = Release|Any CPU
		{C08E82B0-F62D-4A2C-A1F0-3DF4410443E9}.Release|Any CPU.Build.0 = Release|Any CPU
		{F4159438-84CC-4D43-9C41-B699421C2C87}.Debug|Any CPU.ActiveCfg = Debug|Any CPU
		{F4159438-84CC-4D43-9C41-B699421C2C87}.Debug|Any CPU.Build.0 = Debug|Any CPU
		{F4159438-84CC-4D43-9C41-B699421C2C87}.Local|Any CPU.ActiveCfg = Release|Any CPU
		{F4159438-84CC-4D43-9C41-B699421C2C87}.Local|Any CPU.Build.0 = Release|Any CPU
		{F4159438-84CC-4D43-9C41-B699421C2C87}.Release|Any CPU.ActiveCfg = Release|Any CPU
		{F4159438-84CC-4D43-9C41-B699421C2C87}.Release|Any CPU.Build.0 = Release|Any CPU
		{87EAA383-5831-43E4-8ABB-7A8C0CA7EADC}.Debug|Any CPU.ActiveCfg = Debug|Any CPU
		{87EAA383-5831-43E4-8ABB-7A8C0CA7EADC}.Debug|Any CPU.Build.0 = Debug|Any CPU
		{87EAA383-5831-43E4-8ABB-7A8C0CA7EADC}.Local|Any CPU.ActiveCfg = Release|Any CPU
		{87EAA383-5831-43E4-8ABB-7A8C0CA7EADC}.Local|Any CPU.Build.0 = Release|Any CPU
		{87EAA383-5831-43E4-8ABB-7A8C0CA7EADC}.Release|Any CPU.ActiveCfg = Release|Any CPU
		{87EAA383-5831-43E4-8ABB-7A8C0CA7EADC}.Release|Any CPU.Build.0 = Release|Any CPU
		{FF598607-27E6-4A40-A425-8C6BA68FAACF}.Debug|Any CPU.ActiveCfg = Debug|Any CPU
		{FF598607-27E6-4A40-A425-8C6BA68FAACF}.Debug|Any CPU.Build.0 = Debug|Any CPU
		{FF598607-27E6-4A40-A425-8C6BA68FAACF}.Local|Any CPU.ActiveCfg = Debug|Any CPU
		{FF598607-27E6-4A40-A425-8C6BA68FAACF}.Local|Any CPU.Build.0 = Debug|Any CPU
		{FF598607-27E6-4A40-A425-8C6BA68FAACF}.Release|Any CPU.ActiveCfg = Release|Any CPU
		{FF598607-27E6-4A40-A425-8C6BA68FAACF}.Release|Any CPU.Build.0 = Release|Any CPU
	EndGlobalSection
	GlobalSection(SolutionProperties) = preSolution
		HideSolutionNode = FALSE
	EndGlobalSection
	GlobalSection(NestedProjects) = preSolution
		{52FD2C68-52D5-4A4A-86E5-3C303BB1EE84} = {54C217F5-BA43-433E-8B65-D1F63CD9508D}
		{41ED7115-12E2-4088-AFAF-904D470FB28E} = {B836ADED-F605-44FE-9E01-AEBC77EEE0CF}
		{8C16F3A3-92D8-4A35-B2C7-F9415E9C2EA4} = {54C217F5-BA43-433E-8B65-D1F63CD9508D}
		{CA9ABD87-9F13-41E8-83F8-00F60F037656} = {B836ADED-F605-44FE-9E01-AEBC77EEE0CF}
		{B85383E3-D5C0-4A34-9A4C-2DE4DBB1018E} = {54C217F5-BA43-433E-8B65-D1F63CD9508D}
		{C08E82B0-F62D-4A2C-A1F0-3DF4410443E9} = {54C217F5-BA43-433E-8B65-D1F63CD9508D}
		{F4159438-84CC-4D43-9C41-B699421C2C87} = {B836ADED-F605-44FE-9E01-AEBC77EEE0CF}
		{87EAA383-5831-43E4-8ABB-7A8C0CA7EADC} = {B836ADED-F605-44FE-9E01-AEBC77EEE0CF}
		{54C217F5-BA43-433E-8B65-D1F63CD9508D} = {ADC10D68-0187-473D-B04A-864590774F2A}
		{B836ADED-F605-44FE-9E01-AEBC77EEE0CF} = {FEE0027A-04A8-41D7-BF05-A2F02A34B6B8}
		{277CBD3C-0275-43D8-99EC-7712440D7662} = {FEE0027A-04A8-41D7-BF05-A2F02A34B6B8}
		{FF598607-27E6-4A40-A425-8C6BA68FAACF} = {277CBD3C-0275-43D8-99EC-7712440D7662}
	EndGlobalSection
	GlobalSection(ExtensibilityGlobals) = postSolution
		SolutionGuid = {E6338CE2-4A3F-4A3B-90E7-70DC6A4F6E19}
	EndGlobalSection
EndGlobal
